
Microsoft Visual Studio Solution File, Format Version 12.00
# Visual Studio Version 17
VisualStudioVersion = 17.12.35323.107
MinimumVisualStudioVersion = 10.0.40219.1
Project("{FAE04EC0-301F-11D3-BF4B-00C04F79EFBC}") = "WpfWebComponents", "..\WpfWebComponents\WpfWebComponents\WpfWebComponents.csproj", "{4D5C0743-D835-421B-BFB6-DD42138B459C}"
EndProject
Global
	GlobalSection(SolutionConfigurationPlatforms) = preSolution
		Debug|Any CPU = Debug|Any CPU
		Release|Any CPU = Release|Any CPU
	EndGlobalSection
	GlobalSection(ProjectConfigurationPlatforms) = postSolution
		{4D5C0743-D835-421B-BFB6-DD42138B459C}.Debug|Any CPU.ActiveCfg = Debug|Any CPU
		{4D5C0743-D835-421B-BFB6-DD42138B459C}.Debug|Any CPU.Build.0 = Debug|Any CPU
		{4D5C0743-D835-421B-BFB6-DD42138B459C}.Release|Any CPU.ActiveCfg = Release|Any CPU
		{4D5C0743-D835-421B-BFB6-DD42138B459C}.Release|Any CPU.Build.0 = Release|Any CPU
	EndGlobalSection
	GlobalSection(SolutionProperties) = preSolution
		HideSolutionNode = FALSE
	EndGlobalSection
	GlobalSection(ExtensibilityGlobals) = postSolution
		SolutionGuid = {C224013A-36CB-463E-9839-5C6132548228}
	EndGlobalSection
EndGlobal
